
Microsoft Visual Studio Solution File, Format Version 12.00
# Visual Studio Version 17
VisualStudioVersion = 17.12.35527.113
MinimumVisualStudioVersion = 10.0.40219.1
Project("{2150E333-8FDC-42A3-9474-1A3956D46DE8}") = "Services", "Services", "{63F29586-8EFB-4CF9-969D-68A860D5DD1F}"
EndProject
Project("{2150E333-8FDC-42A3-9474-1A3956D46DE8}") = "Catalog", "Catalog", "{2786DB0D-9AAC-4302-9F12-39BA87046F4A}"
EndProject
Project("{FAE04EC0-301F-11D3-BF4B-00C04F79EFBC}") = "CatalogAPI", "Services\Catalog\CatalogAPI\CatalogAPI.csproj", "{F5E975EB-AB89-464B-8A1E-65C8BAD7D5DB}"
EndProject
Project("{2150E333-8FDC-42A3-9474-1A3956D46DE8}") = "BuildingBlocks", "BuildingBlocks", "{9327222B-5F11-40D8-A001-0B1FF8A9114A}"
EndProject
Project("{FAE04EC0-301F-11D3-BF4B-00C04F79EFBC}") = "BuildingBlocks", "BuildingBlocks\BuildingBlocks\BuildingBlocks.csproj", "{8805C303-0F26-46DB-A6DB-BD5EEFC1AD8C}"
EndProject
Project("{E53339B2-1760-4266-BCC7-CA923CBCF16C}") = "docker-compose", "docker-compose.dcproj", "{E1E516DB-832E-49BD-B73A-F29AB166E76A}"
EndProject
Project("{2150E333-8FDC-42A3-9474-1A3956D46DE8}") = "Basket", "Basket", "{FBED1A3D-8299-440A-B5E8-EB905182248D}"
EndProject
Project("{FAE04EC0-301F-11D3-BF4B-00C04F79EFBC}") = "Basket.API", "Services\Basket\Basket.API\Basket.API.csproj", "{96D61CD7-91AD-430F-AEF0-0141C83DF3B2}"
EndProject
Project("{2150E333-8FDC-42A3-9474-1A3956D46DE8}") = "Discount", "Discount", "{209A748C-7709-4264-AA1C-1ECBAB06FB43}"
EndProject
Project("{FAE04EC0-301F-11D3-BF4B-00C04F79EFBC}") = "Discount.Grpc", "Services\Discount\Discount.Grpc\Discount.Grpc.csproj", "{DED2F427-192D-4A61-B017-5D527F583DC5}"
EndProject
Project("{2150E333-8FDC-42A3-9474-1A3956D46DE8}") = "Ordering", "Ordering", "{1A6D42FC-2953-4720-9F92-7146C8512387}"
EndProject
Project("{FAE04EC0-301F-11D3-BF4B-00C04F79EFBC}") = "Ordering.API", "Services\Ordering\Ordering.API\Ordering.API.csproj", "{418E1B16-B87E-4EEE-BF03-322C21E4933E}"
EndProject
Global
	GlobalSection(SolutionConfigurationPlatforms) = preSolution
		Debug|Any CPU = Debug|Any CPU
		Release|Any CPU = Release|Any CPU
	EndGlobalSection
	GlobalSection(ProjectConfigurationPlatforms) = postSolution
		{F5E975EB-AB89-464B-8A1E-65C8BAD7D5DB}.Debug|Any CPU.ActiveCfg = Debug|Any CPU
		{F5E975EB-AB89-464B-8A1E-65C8BAD7D5DB}.Debug|Any CPU.Build.0 = Debug|Any CPU
		{F5E975EB-AB89-464B-8A1E-65C8BAD7D5DB}.Release|Any CPU.ActiveCfg = Release|Any CPU
		{F5E975EB-AB89-464B-8A1E-65C8BAD7D5DB}.Release|Any CPU.Build.0 = Release|Any CPU
		{8805C303-0F26-46DB-A6DB-BD5EEFC1AD8C}.Debug|Any CPU.ActiveCfg = Debug|Any CPU
		{8805C303-0F26-46DB-A6DB-BD5EEFC1AD8C}.Debug|Any CPU.Build.0 = Debug|Any CPU
		{8805C303-0F26-46DB-A6DB-BD5EEFC1AD8C}.Release|Any CPU.ActiveCfg = Release|Any CPU
		{8805C303-0F26-46DB-A6DB-BD5EEFC1AD8C}.Release|Any CPU.Build.0 = Release|Any CPU
		{E1E516DB-832E-49BD-B73A-F29AB166E76A}.Debug|Any CPU.ActiveCfg = Debug|Any CPU
		{E1E516DB-832E-49BD-B73A-F29AB166E76A}.Debug|Any CPU.Build.0 = Debug|Any CPU
		{E1E516DB-832E-49BD-B73A-F29AB166E76A}.Release|Any CPU.ActiveCfg = Release|Any CPU
		{E1E516DB-832E-49BD-B73A-F29AB166E76A}.Release|Any CPU.Build.0 = Release|Any CPU
		{96D61CD7-91AD-430F-AEF0-0141C83DF3B2}.Debug|Any CPU.ActiveCfg = Debug|Any CPU
		{96D61CD7-91AD-430F-AEF0-0141C83DF3B2}.Debug|Any CPU.Build.0 = Debug|Any CPU
		{96D61CD7-91AD-430F-AEF0-0141C83DF3B2}.Release|Any CPU.ActiveCfg = Release|Any CPU
		{96D61CD7-91AD-430F-AEF0-0141C83DF3B2}.Release|Any CPU.Build.0 = Release|Any CPU
		{DED2F427-192D-4A61-B017-5D527F583DC5}.Debug|Any CPU.ActiveCfg = Debug|Any CPU
		{DED2F427-192D-4A61-B017-5D527F583DC5}.Debug|Any CPU.Build.0 = Debug|Any CPU
		{DED2F427-192D-4A61-B017-5D527F583DC5}.Release|Any CPU.ActiveCfg = Release|Any CPU
		{DED2F427-192D-4A61-B017-5D527F583DC5}.Release|Any CPU.Build.0 = Release|Any CPU
		{418E1B16-B87E-4EEE-BF03-322C21E4933E}.Debug|Any CPU.ActiveCfg = Debug|Any CPU
		{418E1B16-B87E-4EEE-BF03-322C21E4933E}.Debug|Any CPU.Build.0 = Debug|Any CPU
		{418E1B16-B87E-4EEE-BF03-322C21E4933E}.Release|Any CPU.ActiveCfg = Release|Any CPU
		{418E1B16-B87E-4EEE-BF03-322C21E4933E}.Release|Any CPU.Build.0 = Release|Any CPU
	EndGlobalSection
	GlobalSection(SolutionProperties) = preSolution
		HideSolutionNode = FALSE
	EndGlobalSection
	GlobalSection(NestedProjects) = preSolution
		{2786DB0D-9AAC-4302-9F12-39BA87046F4A} = {63F29586-8EFB-4CF9-969D-68A860D5DD1F}
		{F5E975EB-AB89-464B-8A1E-65C8BAD7D5DB} = {2786DB0D-9AAC-4302-9F12-39BA87046F4A}
		{8805C303-0F26-46DB-A6DB-BD5EEFC1AD8C} = {9327222B-5F11-40D8-A001-0B1FF8A9114A}
		{FBED1A3D-8299-440A-B5E8-EB905182248D} = {63F29586-8EFB-4CF9-969D-68A860D5DD1F}
		{96D61CD7-91AD-430F-AEF0-0141C83DF3B2} = {FBED1A3D-8299-440A-B5E8-EB905182248D}
		{209A748C-7709-4264-AA1C-1ECBAB06FB43} = {63F29586-8EFB-4CF9-969D-68A860D5DD1F}
		{DED2F427-192D-4A61-B017-5D527F583DC5} = {209A748C-7709-4264-AA1C-1ECBAB06FB43}
		{1A6D42FC-2953-4720-9F92-7146C8512387} = {63F29586-8EFB-4CF9-969D-68A860D5DD1F}
		{418E1B16-B87E-4EEE-BF03-322C21E4933E} = {1A6D42FC-2953-4720-9F92-7146C8512387}
	EndGlobalSection
EndGlobal
